// !$*UTF8*$!
{
	archiveVersion = 1;
	classes = {
	};
	objectVersion = 46;
	objects = {

/* Begin PBXBuildFile section */
		4527AC9A1DD7E25C002D7922 /* AppDelegate.swift in Sources */ = {isa = PBXBuildFile; fileRef = 4527AC991DD7E25C002D7922 /* AppDelegate.swift */; };
		4527AC9C1DD7E25C002D7922 /* ViewController.swift in Sources */ = {isa = PBXBuildFile; fileRef = 4527AC9B1DD7E25C002D7922 /* ViewController.swift */; };
		4527AC9F1DD7E25C002D7922 /* Main.storyboard in Resources */ = {isa = PBXBuildFile; fileRef = 4527AC9D1DD7E25C002D7922 /* Main.storyboard */; };
		4527ACA11DD7E25C002D7922 /* Assets.xcassets in Resources */ = {isa = PBXBuildFile; fileRef = 4527ACA01DD7E25C002D7922 /* Assets.xcassets */; };
		4527ACA41DD7E25C002D7922 /* LaunchScreen.storyboard in Resources */ = {isa = PBXBuildFile; fileRef = 4527ACA21DD7E25C002D7922 /* LaunchScreen.storyboard */; };
		50D57FB713273D6F9C4EC0BF /* Pods_WeatherApp.framework in Frameworks */ = {isa = PBXBuildFile; fileRef = 9BCF93731AA8E8046B102752 /* Pods_WeatherApp.framework */; };
		CE4D385A1DD846A300814BEE /* スクリーンショット 2016-11-13 15.27.30.png in Resources */ = {isa = PBXBuildFile; fileRef = CE4D38591DD846A300814BEE /* スクリーンショット 2016-11-13 15.27.30.png */; };
		CE4D385C1DD848E500814BEE /* JapanViewController.swift in Sources */ = {isa = PBXBuildFile; fileRef = CE4D385B1DD848E500814BEE /* JapanViewController.swift */; };
/* End PBXBuildFile section */

/* Begin PBXFileReference section */
		4527AC961DD7E25C002D7922 /* WeatherApp.app */ = {isa = PBXFileReference; explicitFileType = wrapper.application; includeInIndex = 0; path = WeatherApp.app; sourceTree = BUILT_PRODUCTS_DIR; };
		4527AC991DD7E25C002D7922 /* AppDelegate.swift */ = {isa = PBXFileReference; lastKnownFileType = sourcecode.swift; path = AppDelegate.swift; sourceTree = "<group>"; };
		4527AC9B1DD7E25C002D7922 /* ViewController.swift */ = {isa = PBXFileReference; lastKnownFileType = sourcecode.swift; path = ViewController.swift; sourceTree = "<group>"; };
		4527AC9E1DD7E25C002D7922 /* Base */ = {isa = PBXFileReference; lastKnownFileType = file.storyboard; name = Base; path = Base.lproj/Main.storyboard; sourceTree = "<group>"; };
		4527ACA01DD7E25C002D7922 /* Assets.xcassets */ = {isa = PBXFileReference; lastKnownFileType = folder.assetcatalog; path = Assets.xcassets; sourceTree = "<group>"; };
		4527ACA31DD7E25C002D7922 /* Base */ = {isa = PBXFileReference; lastKnownFileType = file.storyboard; name = Base; path = Base.lproj/LaunchScreen.storyboard; sourceTree = "<group>"; };
		4527ACA51DD7E25C002D7922 /* Info.plist */ = {isa = PBXFileReference; lastKnownFileType = text.plist.xml; path = Info.plist; sourceTree = "<group>"; };
		9BCF93731AA8E8046B102752 /* Pods_WeatherApp.framework */ = {isa = PBXFileReference; explicitFileType = wrapper.framework; includeInIndex = 0; path = Pods_WeatherApp.framework; sourceTree = BUILT_PRODUCTS_DIR; };
		A5BED4577D19F3EA9DF4D052 /* Pods-WeatherApp.release.xcconfig */ = {isa = PBXFileReference; includeInIndex = 1; lastKnownFileType = text.xcconfig; name = "Pods-WeatherApp.release.xcconfig"; path = "Pods/Target Support Files/Pods-WeatherApp/Pods-WeatherApp.release.xcconfig"; sourceTree = "<group>"; };
		B60B86A86A92A5B03160F341 /* Pods-WeatherApp.debug.xcconfig */ = {isa = PBXFileReference; includeInIndex = 1; lastKnownFileType = text.xcconfig; name = "Pods-WeatherApp.debug.xcconfig"; path = "Pods/Target Support Files/Pods-WeatherApp/Pods-WeatherApp.debug.xcconfig"; sourceTree = "<group>"; };
		CE4D38591DD846A300814BEE /* スクリーンショット 2016-11-13 15.27.30.png */ = {isa = PBXFileReference; lastKnownFileType = image.png; path = "スクリーンショット 2016-11-13 15.27.30.png"; sourceTree = "<group>"; };
		CE4D385B1DD848E500814BEE /* JapanViewController.swift */ = {isa = PBXFileReference; fileEncoding = 4; lastKnownFileType = sourcecode.swift; name = JapanViewController.swift; path = ../../../JapanViewController.swift; sourceTree = "<group>"; };
/* End PBXFileReference section */

/* Begin PBXFrameworksBuildPhase section */
		4527AC931DD7E25C002D7922 /* Frameworks */ = {
			isa = PBXFrameworksBuildPhase;
			buildActionMask = 2147483647;
			files = (
				50D57FB713273D6F9C4EC0BF /* Pods_WeatherApp.framework in Frameworks */,
			);
			runOnlyForDeploymentPostprocessing = 0;
		};
/* End PBXFrameworksBuildPhase section */

/* Begin PBXGroup section */
		4527AC8D1DD7E25B002D7922 = {
			isa = PBXGroup;
			children = (
				4527AC981DD7E25C002D7922 /* WeatherApp */,
				4527AC971DD7E25C002D7922 /* Products */,
				887F2BE4A769359AFA1EF1E7 /* Pods */,
				B83FB84BD3349B926DE9D98C /* Frameworks */,
			);
			sourceTree = "<group>";
		};
		4527AC971DD7E25C002D7922 /* Products */ = {
			isa = PBXGroup;
			children = (
				4527AC961DD7E25C002D7922 /* WeatherApp.app */,
			);
			name = Products;
			sourceTree = "<group>";
		};
		4527AC981DD7E25C002D7922 /* WeatherApp */ = {
			isa = PBXGroup;
			children = (
				4527AC991DD7E25C002D7922 /* AppDelegate.swift */,
				4527AC9B1DD7E25C002D7922 /* ViewController.swift */,
				CE4D38591DD846A300814BEE /* スクリーンショット 2016-11-13 15.27.30.png */,
				4527AC9D1DD7E25C002D7922 /* Main.storyboard */,
				CE4D385B1DD848E500814BEE /* JapanViewController.swift */,
				4527ACA01DD7E25C002D7922 /* Assets.xcassets */,
				4527ACA21DD7E25C002D7922 /* LaunchScreen.storyboard */,
				4527ACA51DD7E25C002D7922 /* Info.plist */,
			);
			path = WeatherApp;
			sourceTree = "<group>";
		};
		887F2BE4A769359AFA1EF1E7 /* Pods */ = {
			isa = PBXGroup;
			children = (
				B60B86A86A92A5B03160F341 /* Pods-WeatherApp.debug.xcconfig */,
				A5BED4577D19F3EA9DF4D052 /* Pods-WeatherApp.release.xcconfig */,
			);
			name = Pods;
			sourceTree = "<group>";
		};
		B83FB84BD3349B926DE9D98C /* Frameworks */ = {
			isa = PBXGroup;
			children = (
				9BCF93731AA8E8046B102752 /* Pods_WeatherApp.framework */,
			);
			name = Frameworks;
			sourceTree = "<group>";
		};
/* End PBXGroup section */

/* Begin PBXNativeTarget section */
		4527AC951DD7E25C002D7922 /* WeatherApp */ = {
			isa = PBXNativeTarget;
			buildConfigurationList = 4527ACA81DD7E25C002D7922 /* Build configuration list for PBXNativeTarget "WeatherApp" */;
			buildPhases = (
				8A67E7ECA9E84A78C217DFBB /* [CP] Check Pods Manifest.lock */,
				4527AC921DD7E25C002D7922 /* Sources */,
				4527AC931DD7E25C002D7922 /* Frameworks */,
				4527AC941DD7E25C002D7922 /* Resources */,
				1DB1E993F19DF8B82F6A797C /* [CP] Embed Pods Frameworks */,
				386C0EB34CA4CDF1D5884366 /* [CP] Copy Pods Resources */,
			);
			buildRules = (
			);
			dependencies = (
			);
			name = WeatherApp;
			productName = WeatherApp;
			productReference = 4527AC961DD7E25C002D7922 /* WeatherApp.app */;
			productType = "com.apple.product-type.application";
		};
/* End PBXNativeTarget section */

/* Begin PBXProject section */
		4527AC8E1DD7E25B002D7922 /* Project object */ = {
			isa = PBXProject;
			attributes = {
				LastSwiftUpdateCheck = 0810;
				LastUpgradeCheck = 0810;
				ORGANIZATIONNAME = "平澤 剛";
				TargetAttributes = {
					4527AC951DD7E25C002D7922 = {
						CreatedOnToolsVersion = 8.1;
						DevelopmentTeam = K5QQDK4CR3;
						ProvisioningStyle = Automatic;
					};
				};
			};
			buildConfigurationList = 4527AC911DD7E25B002D7922 /* Build configuration list for PBXProject "WeatherApp" */;
			compatibilityVersion = "Xcode 3.2";
			developmentRegion = English;
			hasScannedForEncodings = 0;
			knownRegions = (
				en,
				Base,
			);
			mainGroup = 4527AC8D1DD7E25B002D7922;
			productRefGroup = 4527AC971DD7E25C002D7922 /* Products */;
			projectDirPath = "";
			projectRoot = "";
			targets = (
				4527AC951DD7E25C002D7922 /* WeatherApp */,
			);
		};
/* End PBXProject section */

/* Begin PBXResourcesBuildPhase section */
		4527AC941DD7E25C002D7922 /* Resources */ = {
			isa = PBXResourcesBuildPhase;
			buildActionMask = 2147483647;
			files = (
				4527ACA41DD7E25C002D7922 /* LaunchScreen.storyboard in Resources */,
				4527ACA11DD7E25C002D7922 /* Assets.xcassets in Resources */,
				4527AC9F1DD7E25C002D7922 /* Main.storyboard in Resources */,
				CE4D385A1DD846A300814BEE /* スクリーンショット 2016-11-13 15.27.30.png in Resources */,
			);
			runOnlyForDeploymentPostprocessing = 0;
		};
/* End PBXResourcesBuildPhase section */

/* Begin PBXShellScriptBuildPhase section */
		1DB1E993F19DF8B82F6A797C /* [CP] Embed Pods Frameworks */ = {
			isa = PBXShellScriptBuildPhase;
			buildActionMask = 2147483647;
			files = (
			);
			inputPaths = (
			);
			name = "[CP] Embed Pods Frameworks";
			outputPaths = (
			);
			runOnlyForDeploymentPostprocessing = 0;
			shellPath = /bin/sh;
			shellScript = "\"${SRCROOT}/Pods/Target Support Files/Pods-WeatherApp/Pods-WeatherApp-frameworks.sh\"\n";
			showEnvVarsInLog = 0;
		};
		386C0EB34CA4CDF1D5884366 /* [CP] Copy Pods Resources */ = {
			isa = PBXShellScriptBuildPhase;
			buildActionMask = 2147483647;
			files = (
			);
			inputPaths = (
			);
			name = "[CP] Copy Pods Resources";
			outputPaths = (
			);
			runOnlyForDeploymentPostprocessing = 0;
			shellPath = /bin/sh;
			shellScript = "\"${SRCROOT}/Pods/Target Support Files/Pods-WeatherApp/Pods-WeatherApp-resources.sh\"\n";
			showEnvVarsInLog = 0;
		};
		8A67E7ECA9E84A78C217DFBB /* [CP] Check Pods Manifest.lock */ = {
			isa = PBXShellScriptBuildPhase;
			buildActionMask = 2147483647;
			files = (
			);
			inputPaths = (
			);
			name = "[CP] Check Pods Manifest.lock";
			outputPaths = (
			);
			runOnlyForDeploymentPostprocessing = 0;
			shellPath = /bin/sh;
			shellScript = "diff \"${PODS_ROOT}/../Podfile.lock\" \"${PODS_ROOT}/Manifest.lock\" > /dev/null\nif [ $? != 0 ] ; then\n    # print error to STDERR\n    echo \"error: The sandbox is not in sync with the Podfile.lock. Run 'pod install' or update your CocoaPods installation.\" >&2\n    exit 1\nfi\n";
			showEnvVarsInLog = 0;
		};
/* End PBXShellScriptBuildPhase section */

/* Begin PBXSourcesBuildPhase section */
		4527AC921DD7E25C002D7922 /* Sources */ = {
			isa = PBXSourcesBuildPhase;
			buildActionMask = 2147483647;
			files = (
				4527AC9C1DD7E25C002D7922 /* ViewController.swift in Sources */,
				4527AC9A1DD7E25C002D7922 /* AppDelegate.swift in Sources */,
				CE4D385C1DD848E500814BEE /* JapanViewController.swift in Sources */,
			);
			runOnlyForDeploymentPostprocessing = 0;
		};
/* End PBXSourcesBuildPhase section */

/* Begin PBXVariantGroup section */
		4527AC9D1DD7E25C002D7922 /* Main.storyboard */ = {
			isa = PBXVariantGroup;
			children = (
				4527AC9E1DD7E25C002D7922 /* Base */,
			);
			name = Main.storyboard;
			sourceTree = "<group>";
		};
		4527ACA21DD7E25C002D7922 /* LaunchScreen.storyboard */ = {
			isa = PBXVariantGroup;
			children = (
				4527ACA31DD7E25C002D7922 /* Base */,
			);
			name = LaunchScreen.storyboard;
			sourceTree = "<group>";
		};
/* End PBXVariantGroup section */

/* Begin XCBuildConfiguration section */
		4527ACA61DD7E25C002D7922 /* Debug */ = {
			isa = XCBuildConfiguration;
			buildSettings = {
				ALWAYS_SEARCH_USER_PATHS = NO;
				CLANG_ANALYZER_NONNULL = YES;
				CLANG_CXX_LANGUAGE_STANDARD = "gnu++0x";
				CLANG_CXX_LIBRARY = "libc++";
				CLANG_ENABLE_MODULES = YES;
				CLANG_ENABLE_OBJC_ARC = YES;
				CLANG_WARN_BOOL_CONVERSION = YES;
				CLANG_WARN_CONSTANT_CONVERSION = YES;
				CLANG_WARN_DIRECT_OBJC_ISA_USAGE = YES_ERROR;
				CLANG_WARN_DOCUMENTATION_COMMENTS = YES;
				CLANG_WARN_EMPTY_BODY = YES;
				CLANG_WARN_ENUM_CONVERSION = YES;
				CLANG_WARN_INFINITE_RECURSION = YES;
				CLANG_WARN_INT_CONVERSION = YES;
				CLANG_WARN_OBJC_ROOT_CLASS = YES_ERROR;
				CLANG_WARN_SUSPICIOUS_MOVE = YES;
				CLANG_WARN_SUSPICIOUS_MOVES = YES;
				CLANG_WARN_UNREACHABLE_CODE = YES;
				CLANG_WARN__DUPLICATE_METHOD_MATCH = YES;
				"CODE_SIGN_IDENTITY[sdk=iphoneos*]" = "iPhone Developer";
				COPY_PHASE_STRIP = NO;
				DEBUG_INFORMATION_FORMAT = dwarf;
				ENABLE_STRICT_OBJC_MSGSEND = YES;
				ENABLE_TESTABILITY = YES;
				GCC_C_LANGUAGE_STANDARD = gnu99;
				GCC_DYNAMIC_NO_PIC = NO;
				GCC_NO_COMMON_BLOCKS = YES;
				GCC_OPTIMIZATION_LEVEL = 0;
				GCC_PREPROCESSOR_DEFINITIONS = (
					"DEBUG=1",
					"$(inherited)",
				);
				GCC_WARN_64_TO_32_BIT_CONVERSION = YES;
				GCC_WARN_ABOUT_RETURN_TYPE = YES_ERROR;
				GCC_WARN_UNDECLARED_SELECTOR = YES;
				GCC_WARN_UNINITIALIZED_AUTOS = YES_AGGRESSIVE;
				GCC_WARN_UNUSED_FUNCTION = YES;
				GCC_WARN_UNUSED_VARIABLE = YES;
				IPHONEOS_DEPLOYMENT_TARGET = 10.1;
				MTL_ENABLE_DEBUG_INFO = YES;
				ONLY_ACTIVE_ARCH = YES;
				SDKROOT = iphoneos;
				SWIFT_ACTIVE_COMPILATION_CONDITIONS = DEBUG;
				SWIFT_OPTIMIZATION_LEVEL = "-Onone";
			};
			name = Debug;
		};
		4527ACA71DD7E25C002D7922 /* Release */ = {
			isa = XCBuildConfiguration;
			buildSettings = {
				ALWAYS_SEARCH_USER_PATHS = NO;
				CLANG_ANALYZER_NONNULL = YES;
				CLANG_CXX_LANGUAGE_STANDARD = "gnu++0x";
				CLANG_CXX_LIBRARY = "libc++";
				CLANG_ENABLE_MODULES = YES;
				CLANG_ENABLE_OBJC_ARC = YES;
				CLANG_WARN_BOOL_CONVERSION = YES;
				CLANG_WARN_CONSTANT_CONVERSION = YES;
				CLANG_WARN_DIRECT_OBJC_ISA_USAGE = YES_ERROR;
				CLANG_WARN_DOCUMENTATION_COMMENTS = YES;
				CLANG_WARN_EMPTY_BODY = YES;
				CLANG_WARN_ENUM_CONVERSION = YES;
				CLANG_WARN_INFINITE_RECURSION = YES;
				CLANG_WARN_INT_CONVERSION = YES;
				CLANG_WARN_OBJC_ROOT_CLASS = YES_ERROR;
				CLANG_WARN_SUSPICIOUS_MOVE = YES;
				CLANG_WARN_SUSPICIOUS_MOVES = YES;
				CLANG_WARN_UNREACHABLE_CODE = YES;
				CLANG_WARN__DUPLICATE_METHOD_MATCH = YES;
				"CODE_SIGN_IDENTITY[sdk=iphoneos*]" = "iPhone Developer";
				COPY_PHASE_STRIP = NO;
				DEBUG_INFORMATION_FORMAT = "dwarf-with-dsym";
				ENABLE_NS_ASSERTIONS = NO;
				ENABLE_STRICT_OBJC_MSGSEND = YES;
				GCC_C_LANGUAGE_STANDARD = gnu99;
				GCC_NO_COMMON_BLOCKS = YES;
				GCC_WARN_64_TO_32_BIT_CONVERSION = YES;
				GCC_WARN_ABOUT_RETURN_TYPE = YES_ERROR;
				GCC_WARN_UNDECLARED_SELECTOR = YES;
				GCC_WARN_UNINITIALIZED_AUTOS = YES_AGGRESSIVE;
				GCC_WARN_UNUSED_FUNCTION = YES;
				GCC_WARN_UNUSED_VARIABLE = YES;
				IPHONEOS_DEPLOYMENT_TARGET = 10.1;
				MTL_ENABLE_DEBUG_INFO = NO;
				SDKROOT = iphoneos;
				SWIFT_OPTIMIZATION_LEVEL = "-Owholemodule";
				VALIDATE_PRODUCT = YES;
			};
			name = Release;
		};
		4527ACA91DD7E25C002D7922 /* Debug */ = {
			isa = XCBuildConfiguration;
			baseConfigurationReference = B60B86A86A92A5B03160F341 /* Pods-WeatherApp.debug.xcconfig */;
			buildSettings = {
				ALWAYS_EMBED_SWIFT_STANDARD_LIBRARIES = YES;
				ASSETCATALOG_COMPILER_APPICON_NAME = AppIcon;
				DEVELOPMENT_TEAM = K5QQDK4CR3;
				INFOPLIST_FILE = WeatherApp/Info.plist;
				LD_RUNPATH_SEARCH_PATHS = "$(inherited) @executable_path/Frameworks";
				PRODUCT_BUNDLE_IDENTIFIER = com.hirasawa.WeatherApp;
				PRODUCT_NAME = "$(TARGET_NAME)";
				SWIFT_VERSION = 3.0;
			};
			name = Debug;
		};
		4527ACAA1DD7E25C002D7922 /* Release */ = {
			isa = XCBuildConfiguration;
			baseConfigurationReference = A5BED4577D19F3EA9DF4D052 /* Pods-WeatherApp.release.xcconfig */;
			buildSettings = {
				ALWAYS_EMBED_SWIFT_STANDARD_LIBRARIES = YES;
				ASSETCATALOG_COMPILER_APPICON_NAME = AppIcon;
				DEVELOPMENT_TEAM = K5QQDK4CR3;
				INFOPLIST_FILE = WeatherApp/Info.plist;
				LD_RUNPATH_SEARCH_PATHS = "$(inherited) @executable_path/Frameworks";
				PRODUCT_BUNDLE_IDENTIFIER = com.hirasawa.WeatherApp;
				PRODUCT_NAME = "$(TARGET_NAME)";
				SWIFT_VERSION = 3.0;
			};
			name = Release;
		};
/* End XCBuildConfiguration section */

/* Begin XCConfigurationList section */
		4527AC911DD7E25B002D7922 /* Build configuration list for PBXProject "WeatherApp" */ = {
			isa = XCConfigurationList;
			buildConfigurations = (
				4527ACA61DD7E25C002D7922 /* Debug */,
				4527ACA71DD7E25C002D7922 /* Release */,
			);
			defaultConfigurationIsVisible = 0;
			defaultConfigurationName = Release;
		};
		4527ACA81DD7E25C002D7922 /* Build configuration list for PBXNativeTarget "WeatherApp" */ = {
			isa = XCConfigurationList;
			buildConfigurations = (
				4527ACA91DD7E25C002D7922 /* Debug */,
				4527ACAA1DD7E25C002D7922 /* Release */,
			);
			defaultConfigurationIsVisible = 0;
			defaultConfigurationName = Release;
		};
/* End XCConfigurationList section */
	};
	rootObject = 4527AC8E1DD7E25B002D7922 /* Project object */;
}
